# THIS IS AN AUTOGENERATED FILE. DO NOT EDIT THIS FILE DIRECTLY.
# yarn lockfile v1


fuse.js@^6.4.1:
  version "6.4.1"
  resolved "https://registry.yarnpkg.com/fuse.js/-/fuse.js-6.4.1.tgz#76f1b4ab9cd021b854a68381b35628033d27507e"
  integrity sha512-+hAS7KYgLXontDh/vqffs7wIBw0ceb9Sx8ywZQhOsiQGcSO5zInGhttWOUYQYlvV/yYMJOacQ129Xs3mP3+oZQ==

lodash@^4.17.20:
  version "4.17.20"
  resolved "https://registry.yarnpkg.com/lodash/-/lodash-4.17.20.tgz#b44a9b6297bcb698f1c51a3545a2b3b368d59c52"
  integrity sha512-PlhdFcillOINfeV7Ni6oF1TAEayyZBoZ8bcshTHqOYJYlrqzRK5hagpagky5o4HfCzzd1TRkXPMFq6cKk9rGmA==

react-native-status-bar-height@^2.5.0:
  version "2.5.0"
  resolved "https://registry.yarnpkg.com/react-native-status-bar-height/-/react-native-status-bar-height-2.5.0.tgz#bc0fb85230603850aab9667ee8111a62954de90c"
  integrity sha512-sYBCPYA/NapBSHkdm/IVL4ID3LLlIuLqINi2FBDyMkc2BU9pfSGOtkz9yfxoK39mYJuTrlTOQ7mManARUsYDSA==
